
Microsoft Visual Studio Solution File, Format Version 12.00
# Visual Studio Version 17
VisualStudioVersion = 17.11.35222.181
MinimumVisualStudioVersion = 10.0.40219.1
Project("{8BC9CEB8-8B4A-11D0-8D11-00A0C91BC942}") = "1012", "backjoon_24_02\backjoon_24_02.vcxproj", "{BDF50D6C-1099-48C0-9922-F7D58BB2579E}"
EndProject
Project("{8BC9CEB8-8B4A-11D0-8D11-00A0C91BC942}") = "9372", "9372\9372.vcxproj", "{AB11C057-DFE9-46A1-A1F8-98254023B16A}"
EndProject
Project("{8BC9CEB8-8B4A-11D0-8D11-00A0C91BC942}") = "1057", "1057\1057.vcxproj", "{AAB73571-9B67-4237-86CF-CC237B928B30}"
EndProject
Project("{8BC9CEB8-8B4A-11D0-8D11-00A0C91BC942}") = "2003", "2003\2003.vcxproj", "{70B09B78-7999-44BD-8112-CEBE1D374090}"
EndProject
Project("{8BC9CEB8-8B4A-11D0-8D11-00A0C91BC942}") = "4949", "4949\4949.vcxproj", "{E5CAC5B5-2F4F-4C0F-90D7-18307EB71E6E}"
EndProject
Project("{8BC9CEB8-8B4A-11D0-8D11-00A0C91BC942}") = "2473", "2473\2473.vcxproj", "{CD873BBB-A1F6-406E-8CEE-1401D16D1B06}"
EndProject
Project("{8BC9CEB8-8B4A-11D0-8D11-00A0C91BC942}") = "10826", "10826\10826.vcxproj", "{B1C1EF79-C084-45B7-8850-D936ECD5BE96}"
EndProject
Project("{8BC9CEB8-8B4A-11D0-8D11-00A0C91BC942}") = "14501", "14501\14501.vcxproj", "{867BF5C7-A1C4-4D1F-8A11-5FBDB18DB840}"
EndProject
Project("{8BC9CEB8-8B4A-11D0-8D11-00A0C91BC942}") = "10973", "10973\10973.vcxproj", "{560A6F1D-4DAD-47B5-B787-E62D8AFEC592}"
EndProject
Project("{8BC9CEB8-8B4A-11D0-8D11-00A0C91BC942}") = "2847", "2847\2847.vcxproj", "{8C9D1E9E-9FCA-4C44-A1B8-7AA081AF7FE7}"
EndProject
Project("{8BC9CEB8-8B4A-11D0-8D11-00A0C91BC942}") = "5639", "5639\5639.vcxproj", "{08C1811F-FA1B-4938-9EC3-57E5D2F0ED12}"
EndProject
Project("{8BC9CEB8-8B4A-11D0-8D11-00A0C91BC942}") = "1021", "1021\1021.vcxproj", "{83CCA113-B40D-414B-A47A-5D15524EFA96}"
EndProject
Project("{8BC9CEB8-8B4A-11D0-8D11-00A0C91BC942}") = "12865", "12865\12865.vcxproj", "{3A320124-BDEB-4089-9E4A-35CCBC7AC24D}"
EndProject
Project("{8BC9CEB8-8B4A-11D0-8D11-00A0C91BC942}") = "15663", "15663\15663.vcxproj", "{01099288-4A4E-446D-8607-45130E913889}"
EndProject
Project("{8BC9CEB8-8B4A-11D0-8D11-00A0C91BC942}") = "15666", "15666\15666.vcxproj", "{99E1A81D-AA48-44AB-B563-91E2D6919C14}"
EndProject
Project("{8BC9CEB8-8B4A-11D0-8D11-00A0C91BC942}") = "1504", "1504\1504.vcxproj", "{34DAD598-5E3E-40F4-8414-372F17EC1E07}"
EndProject
Project("{8BC9CEB8-8B4A-11D0-8D11-00A0C91BC942}") = "2742", "2742\2742.vcxproj", "{BFE7ACCD-9978-4B9C-9613-3E4E532F1693}"
EndProject
Project("{8BC9CEB8-8B4A-11D0-8D11-00A0C91BC942}") = "1747", "1747\1747.vcxproj", "{8BF25354-00C6-491B-AA5E-BD854D1C0FF9}"
EndProject
Global
	GlobalSection(SolutionConfigurationPlatforms) = preSolution
		Debug|x64 = Debug|x64
		Debug|x86 = Debug|x86
		Release|x64 = Release|x64
		Release|x86 = Release|x86
	EndGlobalSection
	GlobalSection(ProjectConfigurationPlatforms) = postSolution
		{BDF50D6C-1099-48C0-9922-F7D58BB2579E}.Debug|x64.ActiveCfg = Debug|x64
		{BDF50D6C-1099-48C0-9922-F7D58BB2579E}.Debug|x64.Build.0 = Debug|x64
		{BDF50D6C-1099-48C0-9922-F7D58BB2579E}.Debug|x86.ActiveCfg = Debug|Win32
		{BDF50D6C-1099-48C0-9922-F7D58BB2579E}.Debug|x86.Build.0 = Debug|Win32
		{BDF50D6C-1099-48C0-9922-F7D58BB2579E}.Release|x64.ActiveCfg = Release|x64
		{BDF50D6C-1099-48C0-9922-F7D58BB2579E}.Release|x64.Build.0 = Release|x64
		{BDF50D6C-1099-48C0-9922-F7D58BB2579E}.Release|x86.ActiveCfg = Release|Win32
		{BDF50D6C-1099-48C0-9922-F7D58BB2579E}.Release|x86.Build.0 = Release|Win32
		{AB11C057-DFE9-46A1-A1F8-98254023B16A}.Debug|x64.ActiveCfg = Debug|x64
		{AB11C057-DFE9-46A1-A1F8-98254023B16A}.Debug|x64.Build.0 = Debug|x64
		{AB11C057-DFE9-46A1-A1F8-98254023B16A}.Debug|x86.ActiveCfg = Debug|Win32
		{AB11C057-DFE9-46A1-A1F8-98254023B16A}.Debug|x86.Build.0 = Debug|Win32
		{AB11C057-DFE9-46A1-A1F8-98254023B16A}.Release|x64.ActiveCfg = Release|x64
		{AB11C057-DFE9-46A1-A1F8-98254023B16A}.Release|x64.Build.0 = Release|x64
		{AB11C057-DFE9-46A1-A1F8-98254023B16A}.Release|x86.ActiveCfg = Release|Win32
		{AB11C057-DFE9-46A1-A1F8-98254023B16A}.Release|x86.Build.0 = Release|Win32
		{AAB73571-9B67-4237-86CF-CC237B928B30}.Debug|x64.ActiveCfg = Debug|x64
		{AAB73571-9B67-4237-86CF-CC237B928B30}.Debug|x64.Build.0 = Debug|x64
		{AAB73571-9B67-4237-86CF-CC237B928B30}.Debug|x86.ActiveCfg = Debug|Win32
		{AAB73571-9B67-4237-86CF-CC237B928B30}.Debug|x86.Build.0 = Debug|Win32
		{AAB73571-9B67-4237-86CF-CC237B928B30}.Release|x64.ActiveCfg = Release|x64
		{AAB73571-9B67-4237-86CF-CC237B928B30}.Release|x64.Build.0 = Release|x64
		{AAB73571-9B67-4237-86CF-CC237B928B30}.Release|x86.ActiveCfg = Release|Win32
		{AAB73571-9B67-4237-86CF-CC237B928B30}.Release|x86.Build.0 = Release|Win32
		{70B09B78-7999-44BD-8112-CEBE1D374090}.Debug|x64.ActiveCfg = Debug|x64
		{70B09B78-7999-44BD-8112-CEBE1D374090}.Debug|x64.Build.0 = Debug|x64
		{70B09B78-7999-44BD-8112-CEBE1D374090}.Debug|x86.ActiveCfg = Debug|Win32
		{70B09B78-7999-44BD-8112-CEBE1D374090}.Debug|x86.Build.0 = Debug|Win32
		{70B09B78-7999-44BD-8112-CEBE1D374090}.Release|x64.ActiveCfg = Release|x64
		{70B09B78-7999-44BD-8112-CEBE1D374090}.Release|x64.Build.0 = Release|x64
		{70B09B78-7999-44BD-8112-CEBE1D374090}.Release|x86.ActiveCfg = Release|Win32
		{70B09B78-7999-44BD-8112-CEBE1D374090}.Release|x86.Build.0 = Release|Win32
		{E5CAC5B5-2F4F-4C0F-90D7-18307EB71E6E}.Debug|x64.ActiveCfg = Debug|x64
		{E5CAC5B5-2F4F-4C0F-90D7-18307EB71E6E}.Debug|x64.Build.0 = Debug|x64
		{E5CAC5B5-2F4F-4C0F-90D7-18307EB71E6E}.Debug|x86.ActiveCfg = Debug|Win32
		{E5CAC5B5-2F4F-4C0F-90D7-18307EB71E6E}.Debug|x86.Build.0 = Debug|Win32
		{E5CAC5B5-2F4F-4C0F-90D7-18307EB71E6E}.Release|x64.ActiveCfg = Release|x64
		{E5CAC5B5-2F4F-4C0F-90D7-18307EB71E6E}.Release|x64.Build.0 = Release|x64
		{E5CAC5B5-2F4F-4C0F-90D7-18307EB71E6E}.Release|x86.ActiveCfg = Release|Win32
		{E5CAC5B5-2F4F-4C0F-90D7-18307EB71E6E}.Release|x86.Build.0 = Release|Win32
		{CD873BBB-A1F6-406E-8CEE-1401D16D1B06}.Debug|x64.ActiveCfg = Debug|x64
		{CD873BBB-A1F6-406E-8CEE-1401D16D1B06}.Debug|x64.Build.0 = Debug|x64
		{CD873BBB-A1F6-406E-8CEE-1401D16D1B06}.Debug|x86.ActiveCfg = Debug|Win32
		{CD873BBB-A1F6-406E-8CEE-1401D16D1B06}.Debug|x86.Build.0 = Debug|Win32
		{CD873BBB-A1F6-406E-8CEE-1401D16D1B06}.Release|x64.ActiveCfg = Release|x64
		{CD873BBB-A1F6-406E-8CEE-1401D16D1B06}.Release|x64.Build.0 = Release|x64
		{CD873BBB-A1F6-406E-8CEE-1401D16D1B06}.Release|x86.ActiveCfg = Release|Win32
		{CD873BBB-A1F6-406E-8CEE-1401D16D1B06}.Release|x86.Build.0 = Release|Win32
		{B1C1EF79-C084-45B7-8850-D936ECD5BE96}.Debug|x64.ActiveCfg = Debug|x64
		{B1C1EF79-C084-45B7-8850-D936ECD5BE96}.Debug|x64.Build.0 = Debug|x64
		{B1C1EF79-C084-45B7-8850-D936ECD5BE96}.Debug|x86.ActiveCfg = Debug|Win32
		{B1C1EF79-C084-45B7-8850-D936ECD5BE96}.Debug|x86.Build.0 = Debug|Win32
		{B1C1EF79-C084-45B7-8850-D936ECD5BE96}.Release|x64.ActiveCfg = Release|x64
		{B1C1EF79-C084-45B7-8850-D936ECD5BE96}.Release|x64.Build.0 = Release|x64
		{B1C1EF79-C084-45B7-8850-D936ECD5BE96}.Release|x86.ActiveCfg = Release|Win32
		{B1C1EF79-C084-45B7-8850-D936ECD5BE96}.Release|x86.Build.0 = Release|Win32
		{867BF5C7-A1C4-4D1F-8A11-5FBDB18DB840}.Debug|x64.ActiveCfg = Debug|x64
		{867BF5C7-A1C4-4D1F-8A11-5FBDB18DB840}.Debug|x64.Build.0 = Debug|x64
		{867BF5C7-A1C4-4D1F-8A11-5FBDB18DB840}.Debug|x86.ActiveCfg = Debug|Win32
		{867BF5C7-A1C4-4D1F-8A11-5FBDB18DB840}.Debug|x86.Build.0 = Debug|Win32
		{867BF5C7-A1C4-4D1F-8A11-5FBDB18DB840}.Release|x64.ActiveCfg = Release|x64
		{867BF5C7-A1C4-4D1F-8A11-5FBDB18DB840}.Release|x64.Build.0 = Release|x64
		{867BF5C7-A1C4-4D1F-8A11-5FBDB18DB840}.Release|x86.ActiveCfg = Release|Win32
		{867BF5C7-A1C4-4D1F-8A11-5FBDB18DB840}.Release|x86.Build.0 = Release|Win32
		{560A6F1D-4DAD-47B5-B787-E62D8AFEC592}.Debug|x64.ActiveCfg = Debug|x64
		{560A6F1D-4DAD-47B5-B787-E62D8AFEC592}.Debug|x64.Build.0 = Debug|x64
		{560A6F1D-4DAD-47B5-B787-E62D8AFEC592}.Debug|x86.ActiveCfg = Debug|Win32
		{560A6F1D-4DAD-47B5-B787-E62D8AFEC592}.Debug|x86.Build.0 = Debug|Win32
		{560A6F1D-4DAD-47B5-B787-E62D8AFEC592}.Release|x64.ActiveCfg = Release|x64
		{560A6F1D-4DAD-47B5-B787-E62D8AFEC592}.Release|x64.Build.0 = Release|x64
		{560A6F1D-4DAD-47B5-B787-E62D8AFEC592}.Release|x86.ActiveCfg = Release|Win32
		{560A6F1D-4DAD-47B5-B787-E62D8AFEC592}.Release|x86.Build.0 = Release|Win32
		{8C9D1E9E-9FCA-4C44-A1B8-7AA081AF7FE7}.Debug|x64.ActiveCfg = Debug|x64
		{8C9D1E9E-9FCA-4C44-A1B8-7AA081AF7FE7}.Debug|x64.Build.0 = Debug|x64
		{8C9D1E9E-9FCA-4C44-A1B8-7AA081AF7FE7}.Debug|x86.ActiveCfg = Debug|Win32
		{8C9D1E9E-9FCA-4C44-A1B8-7AA081AF7FE7}.Debug|x86.Build.0 = Debug|Win32
		{8C9D1E9E-9FCA-4C44-A1B8-7AA081AF7FE7}.Release|x64.ActiveCfg = Release|x64
		{8C9D1E9E-9FCA-4C44-A1B8-7AA081AF7FE7}.Release|x64.Build.0 = Release|x64
		{8C9D1E9E-9FCA-4C44-A1B8-7AA081AF7FE7}.Release|x86.ActiveCfg = Release|Win32
		{8C9D1E9E-9FCA-4C44-A1B8-7AA081AF7FE7}.Release|x86.Build.0 = Release|Win32
		{08C1811F-FA1B-4938-9EC3-57E5D2F0ED12}.Debug|x64.ActiveCfg = Debug|x64
		{08C1811F-FA1B-4938-9EC3-57E5D2F0ED12}.Debug|x64.Build.0 = Debug|x64
		{08C1811F-FA1B-4938-9EC3-57E5D2F0ED12}.Debug|x86.ActiveCfg = Debug|Win32
		{08C1811F-FA1B-4938-9EC3-57E5D2F0ED12}.Debug|x86.Build.0 = Debug|Win32
		{08C1811F-FA1B-4938-9EC3-57E5D2F0ED12}.Release|x64.ActiveCfg = Release|x64
		{08C1811F-FA1B-4938-9EC3-57E5D2F0ED12}.Release|x64.Build.0 = Release|x64
		{08C1811F-FA1B-4938-9EC3-57E5D2F0ED12}.Release|x86.ActiveCfg = Release|Win32
		{08C1811F-FA1B-4938-9EC3-57E5D2F0ED12}.Release|x86.Build.0 = Release|Win32
		{83CCA113-B40D-414B-A47A-5D15524EFA96}.Debug|x64.ActiveCfg = Debug|x64
		{83CCA113-B40D-414B-A47A-5D15524EFA96}.Debug|x64.Build.0 = Debug|x64
		{83CCA113-B40D-414B-A47A-5D15524EFA96}.Debug|x86.ActiveCfg = Debug|Win32
		{83CCA113-B40D-414B-A47A-5D15524EFA96}.Debug|x86.Build.0 = Debug|Win32
		{83CCA113-B40D-414B-A47A-5D15524EFA96}.Release|x64.ActiveCfg = Release|x64
		{83CCA113-B40D-414B-A47A-5D15524EFA96}.Release|x64.Build.0 = Release|x64
		{83CCA113-B40D-414B-A47A-5D15524EFA96}.Release|x86.ActiveCfg = Release|Win32
		{83CCA113-B40D-414B-A47A-5D15524EFA96}.Release|x86.Build.0 = Release|Win32
		{3A320124-BDEB-4089-9E4A-35CCBC7AC24D}.Debug|x64.ActiveCfg = Debug|x64
		{3A320124-BDEB-4089-9E4A-35CCBC7AC24D}.Debug|x64.Build.0 = Debug|x64
		{3A320124-BDEB-4089-9E4A-35CCBC7AC24D}.Debug|x86.ActiveCfg = Debug|Win32
		{3A320124-BDEB-4089-9E4A-35CCBC7AC24D}.Debug|x86.Build.0 = Debug|Win32
		{3A320124-BDEB-4089-9E4A-35CCBC7AC24D}.Release|x64.ActiveCfg = Release|x64
		{3A320124-BDEB-4089-9E4A-35CCBC7AC24D}.Release|x64.Build.0 = Release|x64
		{3A320124-BDEB-4089-9E4A-35CCBC7AC24D}.Release|x86.ActiveCfg = Release|Win32
		{3A320124-BDEB-4089-9E4A-35CCBC7AC24D}.Release|x86.Build.0 = Release|Win32
		{01099288-4A4E-446D-8607-45130E913889}.Debug|x64.ActiveCfg = Debug|x64
		{01099288-4A4E-446D-8607-45130E913889}.Debug|x64.Build.0 = Debug|x64
		{01099288-4A4E-446D-8607-45130E913889}.Debug|x86.ActiveCfg = Debug|Win32
		{01099288-4A4E-446D-8607-45130E913889}.Debug|x86.Build.0 = Debug|Win32
		{01099288-4A4E-446D-8607-45130E913889}.Release|x64.ActiveCfg = Release|x64
		{01099288-4A4E-446D-8607-45130E913889}.Release|x64.Build.0 = Release|x64
		{01099288-4A4E-446D-8607-45130E913889}.Release|x86.ActiveCfg = Release|Win32
		{01099288-4A4E-446D-8607-45130E913889}.Release|x86.Build.0 = Release|Win32
		{99E1A81D-AA48-44AB-B563-91E2D6919C14}.Debug|x64.ActiveCfg = Debug|x64
		{99E1A81D-AA48-44AB-B563-91E2D6919C14}.Debug|x64.Build.0 = Debug|x64
		{99E1A81D-AA48-44AB-B563-91E2D6919C14}.Debug|x86.ActiveCfg = Debug|Win32
		{99E1A81D-AA48-44AB-B563-91E2D6919C14}.Debug|x86.Build.0 = Debug|Win32
		{99E1A81D-AA48-44AB-B563-91E2D6919C14}.Release|x64.ActiveCfg = Release|x64
		{99E1A81D-AA48-44AB-B563-91E2D6919C14}.Release|x64.Build.0 = Release|x64
		{99E1A81D-AA48-44AB-B563-91E2D6919C14}.Release|x86.ActiveCfg = Release|Win32
		{99E1A81D-AA48-44AB-B563-91E2D6919C14}.Release|x86.Build.0 = Release|Win32
		{34DAD598-5E3E-40F4-8414-372F17EC1E07}.Debug|x64.ActiveCfg = Debug|x64
		{34DAD598-5E3E-40F4-8414-372F17EC1E07}.Debug|x64.Build.0 = Debug|x64
		{34DAD598-5E3E-40F4-8414-372F17EC1E07}.Debug|x86.ActiveCfg = Debug|Win32
		{34DAD598-5E3E-40F4-8414-372F17EC1E07}.Debug|x86.Build.0 = Debug|Win32
		{34DAD598-5E3E-40F4-8414-372F17EC1E07}.Release|x64.ActiveCfg = Release|x64
		{34DAD598-5E3E-40F4-8414-372F17EC1E07}.Release|x64.Build.0 = Release|x64
		{34DAD598-5E3E-40F4-8414-372F17EC1E07}.Release|x86.ActiveCfg = Release|Win32
		{34DAD598-5E3E-40F4-8414-372F17EC1E07}.Release|x86.Build.0 = Release|Win32
		{BFE7ACCD-9978-4B9C-9613-3E4E532F1693}.Debug|x64.ActiveCfg = Debug|x64
		{BFE7ACCD-9978-4B9C-9613-3E4E532F1693}.Debug|x64.Build.0 = Debug|x64
		{BFE7ACCD-9978-4B9C-9613-3E4E532F1693}.Debug|x86.ActiveCfg = Debug|Win32
		{BFE7ACCD-9978-4B9C-9613-3E4E532F1693}.Debug|x86.Build.0 = Debug|Win32
		{BFE7ACCD-9978-4B9C-9613-3E4E532F1693}.Release|x64.ActiveCfg = Release|x64
		{BFE7ACCD-9978-4B9C-9613-3E4E532F1693}.Release|x64.Build.0 = Release|x64
		{BFE7ACCD-9978-4B9C-9613-3E4E532F1693}.Release|x86.ActiveCfg = Release|Win32
		{BFE7ACCD-9978-4B9C-9613-3E4E532F1693}.Release|x86.Build.0 = Release|Win32
		{8BF25354-00C6-491B-AA5E-BD854D1C0FF9}.Debug|x64.ActiveCfg = Debug|x64
		{8BF25354-00C6-491B-AA5E-BD854D1C0FF9}.Debug|x64.Build.0 = Debug|x64
		{8BF25354-00C6-491B-AA5E-BD854D1C0FF9}.Debug|x86.ActiveCfg = Debug|Win32
		{8BF25354-00C6-491B-AA5E-BD854D1C0FF9}.Debug|x86.Build.0 = Debug|Win32
		{8BF25354-00C6-491B-AA5E-BD854D1C0FF9}.Release|x64.ActiveCfg = Release|x64
		{8BF25354-00C6-491B-AA5E-BD854D1C0FF9}.Release|x64.Build.0 = Release|x64
		{8BF25354-00C6-491B-AA5E-BD854D1C0FF9}.Release|x86.ActiveCfg = Release|Win32
		{8BF25354-00C6-491B-AA5E-BD854D1C0FF9}.Release|x86.Build.0 = Release|Win32
	EndGlobalSection
	GlobalSection(SolutionProperties) = preSolution
		HideSolutionNode = FALSE
	EndGlobalSection
	GlobalSection(ExtensibilityGlobals) = postSolution
		SolutionGuid = {4EF25352-9432-4C83-B76E-3CAF2F84319E}
	EndGlobalSection
EndGlobal
